
Microsoft Visual Studio Solution File, Format Version 12.00
# Visual Studio Version 16
VisualStudioVersion = 16.0.31410.357
MinimumVisualStudioVersion = 10.0.40219.1
Project("{FAE04EC0-301F-11D3-BF4B-00C04F79EFBC}") = "Bai1", "Bai1\Bai1.csproj", "{96349BCD-94AA-4A4E-AA11-4092C1183C37}"
EndProject
Global
	GlobalSection(SolutionConfigurationPlatforms) = preSolution
		Debug|Any CPU = Debug|Any CPU
		Release|Any CPU = Release|Any CPU
	EndGlobalSection
	GlobalSection(ProjectConfigurationPlatforms) = postSolution
		{96349BCD-94AA-4A4E-AA11-4092C1183C37}.Debug|Any CPU.ActiveCfg = Debug|Any CPU
		{96349BCD-94AA-4A4E-AA11-4092C1183C37}.Debug|Any CPU.Build.0 = Debug|Any CPU
		{96349BCD-94AA-4A4E-AA11-4092C1183C37}.Release|Any CPU.ActiveCfg = Release|Any CPU
		{96349BCD-94AA-4A4E-AA11-4092C1183C37}.Release|Any CPU.Build.0 = Release|Any CPU
	EndGlobalSection
	GlobalSection(SolutionProperties) = preSolution
		HideSolutionNode = FALSE
	EndGlobalSection
	GlobalSection(ExtensibilityGlobals) = postSolution
		SolutionGuid = {2FF354F1-82D4-4A77-AA70-6EE363DFD611}
	EndGlobalSection
EndGlobal
